
Microsoft Visual Studio Solution File, Format Version 12.00
# Visual Studio 15
VisualStudioVersion = 15.0.27130.2024
MinimumVisualStudioVersion = 10.0.40219.1
Project("{FAE04EC0-301F-11D3-BF4B-00C04F79EFBC}") = "SkiaSharpEx.Android", "SkiaSharpEx\SkiaSharpEx.Android\SkiaSharpEx.Android.csproj", "{0325669B-DE3F-443B-98A3-AF7D64EFE5BD}"
EndProject
Project("{FAE04EC0-301F-11D3-BF4B-00C04F79EFBC}") = "SkiaSharpEx", "SkiaSharpEx\SkiaSharpEx\SkiaSharpEx.csproj", "{C1AB1C88-4F38-4A83-8820-EB1F88D2A197}"
EndProject
Project("{FAE04EC0-301F-11D3-BF4B-00C04F79EFBC}") = "SkiaSharpEx.iOS", "SkiaSharpEx\SkiaSharpEx.iOS\SkiaSharpEx.iOS.csproj", "{047DA159-D02A-4926-AECF-E329138FED64}"
EndProject
Global
	GlobalSection(SolutionConfigurationPlatforms) = preSolution
		Ad-Hoc|Any CPU = Ad-Hoc|Any CPU
		Ad-Hoc|ARM = Ad-Hoc|ARM
		Ad-Hoc|iPhone = Ad-Hoc|iPhone
		Ad-Hoc|iPhoneSimulator = Ad-Hoc|iPhoneSimulator
		Ad-Hoc|x64 = Ad-Hoc|x64
		Ad-Hoc|x86 = Ad-Hoc|x86
		AppStore|Any CPU = AppStore|Any CPU
		AppStore|ARM = AppStore|ARM
		AppStore|iPhone = AppStore|iPhone
		AppStore|iPhoneSimulator = AppStore|iPhoneSimulator
		AppStore|x64 = AppStore|x64
		AppStore|x86 = AppStore|x86
		Debug|Any CPU = Debug|Any CPU
		Debug|ARM = Debug|ARM
		Debug|iPhone = Debug|iPhone
		Debug|iPhoneSimulator = Debug|iPhoneSimulator
		Debug|x64 = Debug|x64
		Debug|x86 = Debug|x86
		Release|Any CPU = Release|Any CPU
		Release|ARM = Release|ARM
		Release|iPhone = Release|iPhone
		Release|iPhoneSimulator = Release|iPhoneSimulator
		Release|x64 = Release|x64
		Release|x86 = Release|x86
	EndGlobalSection
	GlobalSection(ProjectConfigurationPlatforms) = postSolution
		{0325669B-DE3F-443B-98A3-AF7D64EFE5BD}.Ad-Hoc|Any CPU.ActiveCfg = Release|Any CPU
		{0325669B-DE3F-443B-98A3-AF7D64EFE5BD}.Ad-Hoc|Any CPU.Build.0 = Release|Any CPU
		{0325669B-DE3F-443B-98A3-AF7D64EFE5BD}.Ad-Hoc|Any CPU.Deploy.0 = Release|Any CPU
		{0325669B-DE3F-443B-98A3-AF7D64EFE5BD}.Ad-Hoc|ARM.ActiveCfg = Release|Any CPU
		{0325669B-DE3F-443B-98A3-AF7D64EFE5BD}.Ad-Hoc|ARM.Build.0 = Release|Any CPU
		{0325669B-DE3F-443B-98A3-AF7D64EFE5BD}.Ad-Hoc|ARM.Deploy.0 = Release|Any CPU
		{0325669B-DE3F-443B-98A3-AF7D64EFE5BD}.Ad-Hoc|iPhone.ActiveCfg = Release|Any CPU
		{0325669B-DE3F-443B-98A3-AF7D64EFE5BD}.Ad-Hoc|iPhone.Build.0 = Release|Any CPU
		{0325669B-DE3F-443B-98A3-AF7D64EFE5BD}.Ad-Hoc|iPhone.Deploy.0 = Release|Any CPU
		{0325669B-DE3F-443B-98A3-AF7D64EFE5BD}.Ad-Hoc|iPhoneSimulator.ActiveCfg = Release|Any CPU
		{0325669B-DE3F-443B-98A3-AF7D64EFE5BD}.Ad-Hoc|iPhoneSimulator.Build.0 = Release|Any CPU
		{0325669B-DE3F-443B-98A3-AF7D64EFE5BD}.Ad-Hoc|iPhoneSimulator.Deploy.0 = Release|Any CPU
		{0325669B-DE3F-443B-98A3-AF7D64EFE5BD}.Ad-Hoc|x64.ActiveCfg = Release|Any CPU
		{0325669B-DE3F-443B-98A3-AF7D64EFE5BD}.Ad-Hoc|x64.Build.0 = Release|Any CPU
		{0325669B-DE3F-443B-98A3-AF7D64EFE5BD}.Ad-Hoc|x64.Deploy.0 = Release|Any CPU
		{0325669B-DE3F-443B-98A3-AF7D64EFE5BD}.Ad-Hoc|x86.ActiveCfg = Release|Any CPU
		{0325669B-DE3F-443B-98A3-AF7D64EFE5BD}.Ad-Hoc|x86.Build.0 = Release|Any CPU
		{0325669B-DE3F-443B-98A3-AF7D64EFE5BD}.Ad-Hoc|x86.Deploy.0 = Release|Any CPU
		{0325669B-DE3F-443B-98A3-AF7D64EFE5BD}.AppStore|Any CPU.ActiveCfg = Release|Any CPU
		{0325669B-DE3F-443B-98A3-AF7D64EFE5BD}.AppStore|Any CPU.Build.0 = Release|Any CPU
		{0325669B-DE3F-443B-98A3-AF7D64EFE5BD}.AppStore|Any CPU.Deploy.0 = Release|Any CPU
		{0325669B-DE3F-443B-98A3-AF7D64EFE5BD}.AppStore|ARM.ActiveCfg = Release|Any CPU
		{0325669B-DE3F-443B-98A3-AF7D64EFE5BD}.AppStore|ARM.Build.0 = Release|Any CPU
		{0325669B-DE3F-443B-98A3-AF7D64EFE5BD}.AppStore|ARM.Deploy.0 = Release|Any CPU
		{0325669B-DE3F-443B-98A3-AF7D64EFE5BD}.AppStore|iPhone.ActiveCfg = Release|Any CPU
		{0325669B-DE3F-443B-98A3-AF7D64EFE5BD}.AppStore|iPhone.Build.0 = Release|Any CPU
		{0325669B-DE3F-443B-98A3-AF7D64EFE5BD}.AppStore|iPhone.Deploy.0 = Release|Any CPU
		{0325669B-DE3F-443B-98A3-AF7D64EFE5BD}.AppStore|iPhoneSimulator.ActiveCfg = Release|Any CPU
		{0325669B-DE3F-443B-98A3-AF7D64EFE5BD}.AppStore|iPhoneSimulator.Build.0 = Release|Any CPU
		{0325669B-DE3F-443B-98A3-AF7D64EFE5BD}.AppStore|iPhoneSimulator.Deploy.0 = Release|Any CPU
		{0325669B-DE3F-443B-98A3-AF7D64EFE5BD}.AppStore|x64.ActiveCfg = Release|Any CPU
		{0325669B-DE3F-443B-98A3-AF7D64EFE5BD}.AppStore|x64.Build.0 = Release|Any CPU
		{0325669B-DE3F-443B-98A3-AF7D64EFE5BD}.AppStore|x64.Deploy.0 = Release|Any CPU
		{0325669B-DE3F-443B-98A3-AF7D64EFE5BD}.AppStore|x86.ActiveCfg = Release|Any CPU
		{0325669B-DE3F-443B-98A3-AF7D64EFE5BD}.AppStore|x86.Build.0 = Release|Any CPU
		{0325669B-DE3F-443B-98A3-AF7D64EFE5BD}.AppStore|x86.Deploy.0 = Release|Any CPU
		{0325669B-DE3F-443B-98A3-AF7D64EFE5BD}.Debug|Any CPU.ActiveCfg = Debug|Any CPU
		{0325669B-DE3F-443B-98A3-AF7D64EFE5BD}.Debug|Any CPU.Build.0 = Debug|Any CPU
		{0325669B-DE3F-443B-98A3-AF7D64EFE5BD}.Debug|Any CPU.Deploy.0 = Debug|Any CPU
		{0325669B-DE3F-443B-98A3-AF7D64EFE5BD}.Debug|ARM.ActiveCfg = Debug|Any CPU
		{0325669B-DE3F-443B-98A3-AF7D64EFE5BD}.Debug|ARM.Build.0 = Debug|Any CPU
		{0325669B-DE3F-443B-98A3-AF7D64EFE5BD}.Debug|ARM.Deploy.0 = Debug|Any CPU
		{0325669B-DE3F-443B-98A3-AF7D64EFE5BD}.Debug|iPhone.ActiveCfg = Debug|Any CPU
		{0325669B-DE3F-443B-98A3-AF7D64EFE5BD}.Debug|iPhone.Build.0 = Debug|Any CPU
		{0325669B-DE3F-443B-98A3-AF7D64EFE5BD}.Debug|iPhone.Deploy.0 = Debug|Any CPU
		{0325669B-DE3F-443B-98A3-AF7D64EFE5BD}.Debug|iPhoneSimulator.ActiveCfg = Debug|Any CPU
		{0325669B-DE3F-443B-98A3-AF7D64EFE5BD}.Debug|iPhoneSimulator.Build.0 = Debug|Any CPU
		{0325669B-DE3F-443B-98A3-AF7D64EFE5BD}.Debug|iPhoneSimulator.Deploy.0 = Debug|Any CPU
		{0325669B-DE3F-443B-98A3-AF7D64EFE5BD}.Debug|x64.ActiveCfg = Debug|Any CPU
		{0325669B-DE3F-443B-98A3-AF7D64EFE5BD}.Debug|x64.Build.0 = Debug|Any CPU
		{0325669B-DE3F-443B-98A3-AF7D64EFE5BD}.Debug|x64.Deploy.0 = Debug|Any CPU
		{0325669B-DE3F-443B-98A3-AF7D64EFE5BD}.Debug|x86.ActiveCfg = Debug|Any CPU
		{0325669B-DE3F-443B-98A3-AF7D64EFE5BD}.Debug|x86.Build.0 = Debug|Any CPU
		{0325669B-DE3F-443B-98A3-AF7D64EFE5BD}.Debug|x86.Deploy.0 = Debug|Any CPU
		{0325669B-DE3F-443B-98A3-AF7D64EFE5BD}.Release|Any CPU.ActiveCfg = Release|Any CPU
		{0325669B-DE3F-443B-98A3-AF7D64EFE5BD}.Release|Any CPU.Build.0 = Release|Any CPU
		{0325669B-DE3F-443B-98A3-AF7D64EFE5BD}.Release|Any CPU.Deploy.0 = Release|Any CPU
		{0325669B-DE3F-443B-98A3-AF7D64EFE5BD}.Release|ARM.ActiveCfg = Release|Any CPU
		{0325669B-DE3F-443B-98A3-AF7D64EFE5BD}.Release|ARM.Build.0 = Release|Any CPU
		{0325669B-DE3F-443B-98A3-AF7D64EFE5BD}.Release|ARM.Deploy.0 = Release|Any CPU
		{0325669B-DE3F-443B-98A3-AF7D64EFE5BD}.Release|iPhone.ActiveCfg = Release|Any CPU
		{0325669B-DE3F-443B-98A3-AF7D64EFE5BD}.Release|iPhone.Build.0 = Release|Any CPU
		{0325669B-DE3F-443B-98A3-AF7D64EFE5BD}.Release|iPhone.Deploy.0 = Release|Any CPU
		{0325669B-DE3F-443B-98A3-AF7D64EFE5BD}.Release|iPhoneSimulator.ActiveCfg = Release|Any CPU
		{0325669B-DE3F-443B-98A3-AF7D64EFE5BD}.Release|iPhoneSimulator.Build.0 = Release|Any CPU
		{0325669B-DE3F-443B-98A3-AF7D64EFE5BD}.Release|iPhoneSimulator.Deploy.0 = Release|Any CPU
		{0325669B-DE3F-443B-98A3-AF7D64EFE5BD}.Release|x64.ActiveCfg = Release|Any CPU
		{0325669B-DE3F-443B-98A3-AF7D64EFE5BD}.Release|x64.Build.0 = Release|Any CPU
		{0325669B-DE3F-443B-98A3-AF7D64EFE5BD}.Release|x64.Deploy.0 = Release|Any CPU
		{0325669B-DE3F-443B-98A3-AF7D64EFE5BD}.Release|x86.ActiveCfg = Release|Any CPU
		{0325669B-DE3F-443B-98A3-AF7D64EFE5BD}.Release|x86.Build.0 = Release|Any CPU
		{0325669B-DE3F-443B-98A3-AF7D64EFE5BD}.Release|x86.Deploy.0 = Release|Any CPU
		{C1AB1C88-4F38-4A83-8820-EB1F88D2A197}.Ad-Hoc|Any CPU.ActiveCfg = Release|Any CPU
		{C1AB1C88-4F38-4A83-8820-EB1F88D2A197}.Ad-Hoc|Any CPU.Build.0 = Release|Any CPU
		{C1AB1C88-4F38-4A83-8820-EB1F88D2A197}.Ad-Hoc|ARM.ActiveCfg = Release|Any CPU
		{C1AB1C88-4F38-4A83-8820-EB1F88D2A197}.Ad-Hoc|ARM.Build.0 = Release|Any CPU
		{C1AB1C88-4F38-4A83-8820-EB1F88D2A197}.Ad-Hoc|iPhone.ActiveCfg = Release|Any CPU
		{C1AB1C88-4F38-4A83-8820-EB1F88D2A197}.Ad-Hoc|iPhone.Build.0 = Release|Any CPU
		{C1AB1C88-4F38-4A83-8820-EB1F88D2A197}.Ad-Hoc|iPhoneSimulator.ActiveCfg = Release|Any CPU
		{C1AB1C88-4F38-4A83-8820-EB1F88D2A197}.Ad-Hoc|iPhoneSimulator.Build.0 = Release|Any CPU
		{C1AB1C88-4F38-4A83-8820-EB1F88D2A197}.Ad-Hoc|x64.ActiveCfg = Release|Any CPU
		{C1AB1C88-4F38-4A83-8820-EB1F88D2A197}.Ad-Hoc|x64.Build.0 = Release|Any CPU
		{C1AB1C88-4F38-4A83-8820-EB1F88D2A197}.Ad-Hoc|x86.ActiveCfg = Release|Any CPU
		{C1AB1C88-4F38-4A83-8820-EB1F88D2A197}.Ad-Hoc|x86.Build.0 = Release|Any CPU
		{C1AB1C88-4F38-4A83-8820-EB1F88D2A197}.AppStore|Any CPU.ActiveCfg = Release|Any CPU
		{C1AB1C88-4F38-4A83-8820-EB1F88D2A197}.AppStore|Any CPU.Build.0 = Release|Any CPU
		{C1AB1C88-4F38-4A83-8820-EB1F88D2A197}.AppStore|ARM.ActiveCfg = Release|Any CPU
		{C1AB1C88-4F38-4A83-8820-EB1F88D2A197}.AppStore|ARM.Build.0 = Release|Any CPU
		{C1AB1C88-4F38-4A83-8820-EB1F88D2A197}.AppStore|iPhone.ActiveCfg = Release|Any CPU
		{C1AB1C88-4F38-4A83-8820-EB1F88D2A197}.AppStore|iPhone.Build.0 = Release|Any CPU
		{C1AB1C88-4F38-4A83-8820-EB1F88D2A197}.AppStore|iPhoneSimulator.ActiveCfg = Release|Any CPU
		{C1AB1C88-4F38-4A83-8820-EB1F88D2A197}.AppStore|iPhoneSimulator.Build.0 = Release|Any CPU
		{C1AB1C88-4F38-4A83-8820-EB1F88D2A197}.AppStore|x64.ActiveCfg = Release|Any CPU
		{C1AB1C88-4F38-4A83-8820-EB1F88D2A197}.AppStore|x64.Build.0 = Release|Any CPU
		{C1AB1C88-4F38-4A83-8820-EB1F88D2A197}.AppStore|x86.ActiveCfg = Release|Any CPU
		{C1AB1C88-4F38-4A83-8820-EB1F88D2A197}.AppStore|x86.Build.0 = Release|Any CPU
		{C1AB1C88-4F38-4A83-8820-EB1F88D2A197}.Debug|Any CPU.ActiveCfg = Debug|Any CPU
		{C1AB1C88-4F38-4A83-8820-EB1F88D2A197}.Debug|Any CPU.Build.0 = Debug|Any CPU
		{C1AB1C88-4F38-4A83-8820-EB1F88D2A197}.Debug|ARM.ActiveCfg = Debug|Any CPU
		{C1AB1C88-4F38-4A83-8820-EB1F88D2A197}.Debug|ARM.Build.0 = Debug|Any CPU
		{C1AB1C88-4F38-4A83-8820-EB1F88D2A197}.Debug|iPhone.ActiveCfg = Debug|Any CPU
		{C1AB1C88-4F38-4A83-8820-EB1F88D2A197}.Debug|iPhone.Build.0 = Debug|Any CPU
		{C1AB1C88-4F38-4A83-8820-EB1F88D2A197}.Debug|iPhoneSimulator.ActiveCfg = Debug|Any CPU
		{C1AB1C88-4F38-4A83-8820-EB1F88D2A197}.Debug|iPhoneSimulator.Build.0 = Debug|Any CPU
		{C1AB1C88-4F38-4A83-8820-EB1F88D2A197}.Debug|x64.ActiveCfg = Debug|Any CPU
		{C1AB1C88-4F38-4A83-8820-EB1F88D2A197}.Debug|x64.Build.0 = Debug|Any CPU
		{C1AB1C88-4F38-4A83-8820-EB1F88D2A197}.Debug|x86.ActiveCfg = Debug|Any CPU
		{C1AB1C88-4F38-4A83-8820-EB1F88D2A197}.Debug|x86.Build.0 = Debug|Any CPU
		{C1AB1C88-4F38-4A83-8820-EB1F88D2A197}.Release|Any CPU.ActiveCfg = Release|Any CPU
		{C1AB1C88-4F38-4A83-8820-EB1F88D2A197}.Release|Any CPU.Build.0 = Release|Any CPU
		{C1AB1C88-4F38-4A83-8820-EB1F88D2A197}.Release|ARM.ActiveCfg = Release|Any CPU
		{C1AB1C88-4F38-4A83-8820-EB1F88D2A197}.Release|ARM.Build.0 = Release|Any CPU
		{C1AB1C88-4F38-4A83-8820-EB1F88D2A197}.Release|iPhone.ActiveCfg = Release|Any CPU
		{C1AB1C88-4F38-4A83-8820-EB1F88D2A197}.Release|iPhone.Build.0 = Release|Any CPU
		{C1AB1C88-4F38-4A83-8820-EB1F88D2A197}.Release|iPhoneSimulator.ActiveCfg = Release|Any CPU
		{C1AB1C88-4F38-4A83-8820-EB1F88D2A197}.Release|iPhoneSimulator.Build.0 = Release|Any CPU
		{C1AB1C88-4F38-4A83-8820-EB1F88D2A197}.Release|x64.ActiveCfg = Release|Any CPU
		{C1AB1C88-4F38-4A83-8820-EB1F88D2A197}.Release|x64.Build.0 = Release|Any CPU
		{C1AB1C88-4F38-4A83-8820-EB1F88D2A197}.Release|x86.ActiveCfg = Release|Any CPU
		{C1AB1C88-4F38-4A83-8820-EB1F88D2A197}.Release|x86.Build.0 = Release|Any CPU
		{047DA159-D02A-4926-AECF-E329138FED64}.Ad-Hoc|Any CPU.ActiveCfg = Ad-Hoc|iPhone
		{047DA159-D02A-4926-AECF-E329138FED64}.Ad-Hoc|ARM.ActiveCfg = Ad-Hoc|iPhone
		{047DA159-D02A-4926-AECF-E329138FED64}.Ad-Hoc|iPhone.ActiveCfg = Ad-Hoc|iPhone
		{047DA159-D02A-4926-AECF-E329138FED64}.Ad-Hoc|iPhone.Build.0 = Ad-Hoc|iPhone
		{047DA159-D02A-4926-AECF-E329138FED64}.Ad-Hoc|iPhoneSimulator.ActiveCfg = Ad-Hoc|iPhoneSimulator
		{047DA159-D02A-4926-AECF-E329138FED64}.Ad-Hoc|iPhoneSimulator.Build.0 = Ad-Hoc|iPhoneSimulator
		{047DA159-D02A-4926-AECF-E329138FED64}.Ad-Hoc|x64.ActiveCfg = Ad-Hoc|iPhone
		{047DA159-D02A-4926-AECF-E329138FED64}.Ad-Hoc|x86.ActiveCfg = Ad-Hoc|iPhone
		{047DA159-D02A-4926-AECF-E329138FED64}.AppStore|Any CPU.ActiveCfg = AppStore|iPhone
		{047DA159-D02A-4926-AECF-E329138FED64}.AppStore|ARM.ActiveCfg = AppStore|iPhone
		{047DA159-D02A-4926-AECF-E329138FED64}.AppStore|iPhone.ActiveCfg = AppStore|iPhone
		{047DA159-D02A-4926-AECF-E329138FED64}.AppStore|iPhone.Build.0 = AppStore|iPhone
		{047DA159-D02A-4926-AECF-E329138FED64}.AppStore|iPhoneSimulator.ActiveCfg = AppStore|iPhoneSimulator
		{047DA159-D02A-4926-AECF-E329138FED64}.AppStore|iPhoneSimulator.Build.0 = AppStore|iPhoneSimulator
		{047DA159-D02A-4926-AECF-E329138FED64}.AppStore|x64.ActiveCfg = AppStore|iPhone
		{047DA159-D02A-4926-AECF-E329138FED64}.AppStore|x86.ActiveCfg = AppStore|iPhone
		{047DA159-D02A-4926-AECF-E329138FED64}.Debug|Any CPU.ActiveCfg = Debug|iPhone
		{047DA159-D02A-4926-AECF-E329138FED64}.Debug|ARM.ActiveCfg = Debug|iPhone
		{047DA159-D02A-4926-AECF-E329138FED64}.Debug|iPhone.ActiveCfg = Debug|iPhone
		{047DA159-D02A-4926-AECF-E329138FED64}.Debug|iPhone.Build.0 = Debug|iPhone
		{047DA159-D02A-4926-AECF-E329138FED64}.Debug|iPhoneSimulator.ActiveCfg = Debug|iPhoneSimulator
		{047DA159-D02A-4926-AECF-E329138FED64}.Debug|iPhoneSimulator.Build.0 = Debug|iPhoneSimulator
		{047DA159-D02A-4926-AECF-E329138FED64}.Debug|x64.ActiveCfg = Debug|iPhone
		{047DA159-D02A-4926-AECF-E329138FED64}.Debug|x86.ActiveCfg = Debug|iPhone
		{047DA159-D02A-4926-AECF-E329138FED64}.Release|Any CPU.ActiveCfg = Release|iPhone
		{047DA159-D02A-4926-AECF-E329138FED64}.Release|ARM.ActiveCfg = Release|iPhone
		{047DA159-D02A-4926-AECF-E329138FED64}.Release|iPhone.ActiveCfg = Release|iPhone
		{047DA159-D02A-4926-AECF-E329138FED64}.Release|iPhone.Build.0 = Release|iPhone
		{047DA159-D02A-4926-AECF-E329138FED64}.Release|iPhoneSimulator.ActiveCfg = Release|iPhoneSimulator
		{047DA159-D02A-4926-AECF-E329138FED64}.Release|iPhoneSimulator.Build.0 = Release|iPhoneSimulator
		{047DA159-D02A-4926-AECF-E329138FED64}.Release|x64.ActiveCfg = Release|iPhone
		{047DA159-D02A-4926-AECF-E329138FED64}.Release|x86.ActiveCfg = Release|iPhone
	EndGlobalSection
	GlobalSection(SolutionProperties) = preSolution
		HideSolutionNode = FALSE
	EndGlobalSection
	GlobalSection(ExtensibilityGlobals) = postSolution
		SolutionGuid = {5864E291-C325-4432-9303-44967C6ECA72}
	EndGlobalSection
EndGlobal
